
Microsoft Visual Studio Solution File, Format Version 12.00
# Visual Studio Version 17
VisualStudioVersion = 17.0.31903.59
MinimumVisualStudioVersion = 10.0.40219.1
Project("{FAE04EC0-301F-11D3-BF4B-00C04F79EFBC}") = "TPC", "tpc\TPC.csproj", "{B129A322-50FB-4F13-BC62-8639D847BA54}"
EndProject
Project("{FAE04EC0-301F-11D3-BF4B-00C04F79EFBC}") = "TPH", "tph\TPH.csproj", "{1904346C-C444-4A33-A898-4171DD313B62}"
EndProject
Project("{FAE04EC0-301F-11D3-BF4B-00C04F79EFBC}") = "TPT", "tpt\TPT.csproj", "{FAB87122-238D-41D7-B236-2D97D658B5C2}"
EndProject
Global
	GlobalSection(SolutionConfigurationPlatforms) = preSolution
		Debug|Any CPU = Debug|Any CPU
		Release|Any CPU = Release|Any CPU
	EndGlobalSection
	GlobalSection(SolutionProperties) = preSolution
		HideSolutionNode = FALSE
	EndGlobalSection
	GlobalSection(ProjectConfigurationPlatforms) = postSolution
		{B129A322-50FB-4F13-BC62-8639D847BA54}.Debug|Any CPU.ActiveCfg = Debug|Any CPU
		{B129A322-50FB-4F13-BC62-8639D847BA54}.Debug|Any CPU.Build.0 = Debug|Any CPU
		{B129A322-50FB-4F13-BC62-8639D847BA54}.Release|Any CPU.ActiveCfg = Release|Any CPU
		{B129A322-50FB-4F13-BC62-8639D847BA54}.Release|Any CPU.Build.0 = Release|Any CPU
		{1904346C-C444-4A33-A898-4171DD313B62}.Debug|Any CPU.ActiveCfg = Debug|Any CPU
		{1904346C-C444-4A33-A898-4171DD313B62}.Debug|Any CPU.Build.0 = Debug|Any CPU
		{1904346C-C444-4A33-A898-4171DD313B62}.Release|Any CPU.ActiveCfg = Release|Any CPU
		{1904346C-C444-4A33-A898-4171DD313B62}.Release|Any CPU.Build.0 = Release|Any CPU
		{FAB87122-238D-41D7-B236-2D97D658B5C2}.Debug|Any CPU.ActiveCfg = Debug|Any CPU
		{FAB87122-238D-41D7-B236-2D97D658B5C2}.Debug|Any CPU.Build.0 = Debug|Any CPU
		{FAB87122-238D-41D7-B236-2D97D658B5C2}.Release|Any CPU.ActiveCfg = Release|Any CPU
		{FAB87122-238D-41D7-B236-2D97D658B5C2}.Release|Any CPU.Build.0 = Release|Any CPU
	EndGlobalSection
EndGlobal
